
Microsoft Visual Studio Solution File, Format Version 12.00
Project("{FAE04EC0-301F-11D3-BF4B-00C04F79EFBC}") = "FireTruck", "FireTruck\FireTruck.csproj", "{F4A69B3F-66DF-4E2B-BB0A-CD2A3D0E8E6F}"
EndProject
Global
	GlobalSection(SolutionConfigurationPlatforms) = preSolution
		Debug|Any CPU = Debug|Any CPU
		Release|Any CPU = Release|Any CPU
	EndGlobalSection
	GlobalSection(ProjectConfigurationPlatforms) = postSolution
		{F4A69B3F-66DF-4E2B-BB0A-CD2A3D0E8E6F}.Debug|Any CPU.ActiveCfg = Debug|Any CPU
		{F4A69B3F-66DF-4E2B-BB0A-CD2A3D0E8E6F}.Debug|Any CPU.Build.0 = Debug|Any CPU
		{F4A69B3F-66DF-4E2B-BB0A-CD2A3D0E8E6F}.Release|Any CPU.ActiveCfg = Release|Any CPU
		{F4A69B3F-66DF-4E2B-BB0A-CD2A3D0E8E6F}.Release|Any CPU.Build.0 = Release|Any CPU
	EndGlobalSection
EndGlobal
